
Microsoft Visual Studio Solution File, Format Version 12.00
# Visual Studio Version 17
VisualStudioVersion = 17.12.35707.178
MinimumVisualStudioVersion = 10.0.40219.1
Project("{FAE04EC0-301F-11D3-BF4B-00C04F79EFBC}") = "AgendaApp.API", "AgendaApp.API\AgendaApp.API.csproj", "{7340579B-BCDC-4E87-967B-A2644EE592B0}"
EndProject
Project("{FAE04EC0-301F-11D3-BF4B-00C04F79EFBC}") = "AgendaApp.Data", "AgendaApp.Data\AgendaApp.Data.csproj", "{8AC2054D-B1EB-4DAC-AB7C-A851ECA68295}"
EndProject
Project("{2150E333-8FDC-42A3-9474-1A3956D46DE8}") = "1 - MVC", "1 - MVC", "{233A1DE0-02B5-414D-97F0-4E918F60CAF6}"
EndProject
Project("{2150E333-8FDC-42A3-9474-1A3956D46DE8}") = "3 - Core", "3 - Core", "{4EC74B92-2806-4F43-9792-BE26E188CC9F}"
EndProject
Project("{2150E333-8FDC-42A3-9474-1A3956D46DE8}") = "4 - Infra", "4 - Infra", "{DF8BC645-AAE7-42D4-9DDC-D2AAA88FA85C}"
EndProject
Project("{2150E333-8FDC-42A3-9474-1A3956D46DE8}") = "2 - API", "2 - API", "{BF1CF92A-631F-4EB1-9F57-234855C1DD77}"
EndProject
Project("{2150E333-8FDC-42A3-9474-1A3956D46DE8}") = "3.1 - Domain", "3.1 - Domain", "{11D88B6F-561F-4EF7-BBC1-5D86E4D4C49F}"
EndProject
Project("{FAE04EC0-301F-11D3-BF4B-00C04F79EFBC}") = "AgendaApp.Core.Domain", "AgendaApp.Core.Domain\AgendaApp.Core.Domain.csproj", "{2862D152-5893-4482-A834-3BC3CD3F7712}"
EndProject
Project("{2150E333-8FDC-42A3-9474-1A3956D46DE8}") = "4.1 - Data", "4.1 - Data", "{7B6C98FA-9D84-4EED-A040-3C4515D2D483}"
EndProject
Project("{FAE04EC0-301F-11D3-BF4B-00C04F79EFBC}") = "AgendaApp.Presentation", "AgendaApp.Presentation\AgendaApp.Presentation.csproj", "{1262FCA0-FA8E-4148-B4B0-CB548E802C23}"
EndProject
Project("{2150E333-8FDC-42A3-9474-1A3956D46DE8}") = "2 API Gateway", "2 API Gateway", "{AACBC568-AC51-4A10-BB1F-EB05C4509E23}"
EndProject
Project("{FAE04EC0-301F-11D3-BF4B-00C04F79EFBC}") = "AgendaApp.API.GatewayOcelot", "AgendaApp.API.GatewayOcelot\AgendaApp.API.GatewayOcelot.csproj", "{7294A082-360E-4E4B-9BA9-0F96C9B70133}"
EndProject
Project("{2150E333-8FDC-42A3-9474-1A3956D46DE8}") = "4.2  - CrossCutting", "4.2  - CrossCutting", "{43C281E1-6BEC-4A4F-AE8E-7E0A1A5DF1DA}"
EndProject
Project("{FAE04EC0-301F-11D3-BF4B-00C04F79EFBC}") = "AgendaApp.Core.Infra.CrossCutting", "AgendaApp.Core.Infra.CrossCutting\AgendaApp.Core.Infra.CrossCutting.csproj", "{9944A9BE-260C-471A-B3D3-F52412613F8D}"
EndProject
Project("{2150E333-8FDC-42A3-9474-1A3956D46DE8}") = "2.1 - API Auth", "2.1 - API Auth", "{ECB36B97-05FB-4910-8287-1C8BC315F50C}"
EndProject
Project("{2150E333-8FDC-42A3-9474-1A3956D46DE8}") = "2.2 - API Padrao", "2.2 - API Padrao", "{E8BB26D2-CAD7-4FA1-AFAF-D957F95DF8BC}"
EndProject
Global
	GlobalSection(SolutionConfigurationPlatforms) = preSolution
		Debug|Any CPU = Debug|Any CPU
		Release|Any CPU = Release|Any CPU
	EndGlobalSection
	GlobalSection(ProjectConfigurationPlatforms) = postSolution
		{7340579B-BCDC-4E87-967B-A2644EE592B0}.Debug|Any CPU.ActiveCfg = Debug|Any CPU
		{7340579B-BCDC-4E87-967B-A2644EE592B0}.Debug|Any CPU.Build.0 = Debug|Any CPU
		{7340579B-BCDC-4E87-967B-A2644EE592B0}.Release|Any CPU.ActiveCfg = Release|Any CPU
		{7340579B-BCDC-4E87-967B-A2644EE592B0}.Release|Any CPU.Build.0 = Release|Any CPU
		{8AC2054D-B1EB-4DAC-AB7C-A851ECA68295}.Debug|Any CPU.ActiveCfg = Debug|Any CPU
		{8AC2054D-B1EB-4DAC-AB7C-A851ECA68295}.Debug|Any CPU.Build.0 = Debug|Any CPU
		{8AC2054D-B1EB-4DAC-AB7C-A851ECA68295}.Release|Any CPU.ActiveCfg = Release|Any CPU
		{8AC2054D-B1EB-4DAC-AB7C-A851ECA68295}.Release|Any CPU.Build.0 = Release|Any CPU
		{2862D152-5893-4482-A834-3BC3CD3F7712}.Debug|Any CPU.ActiveCfg = Debug|Any CPU
		{2862D152-5893-4482-A834-3BC3CD3F7712}.Debug|Any CPU.Build.0 = Debug|Any CPU
		{2862D152-5893-4482-A834-3BC3CD3F7712}.Release|Any CPU.ActiveCfg = Release|Any CPU
		{2862D152-5893-4482-A834-3BC3CD3F7712}.Release|Any CPU.Build.0 = Release|Any CPU
		{1262FCA0-FA8E-4148-B4B0-CB548E802C23}.Debug|Any CPU.ActiveCfg = Debug|Any CPU
		{1262FCA0-FA8E-4148-B4B0-CB548E802C23}.Debug|Any CPU.Build.0 = Debug|Any CPU
		{1262FCA0-FA8E-4148-B4B0-CB548E802C23}.Release|Any CPU.ActiveCfg = Release|Any CPU
		{1262FCA0-FA8E-4148-B4B0-CB548E802C23}.Release|Any CPU.Build.0 = Release|Any CPU
		{7294A082-360E-4E4B-9BA9-0F96C9B70133}.Debug|Any CPU.ActiveCfg = Debug|Any CPU
		{7294A082-360E-4E4B-9BA9-0F96C9B70133}.Debug|Any CPU.Build.0 = Debug|Any CPU
		{7294A082-360E-4E4B-9BA9-0F96C9B70133}.Release|Any CPU.ActiveCfg = Release|Any CPU
		{7294A082-360E-4E4B-9BA9-0F96C9B70133}.Release|Any CPU.Build.0 = Release|Any CPU
		{9944A9BE-260C-471A-B3D3-F52412613F8D}.Debug|Any CPU.ActiveCfg = Debug|Any CPU
		{9944A9BE-260C-471A-B3D3-F52412613F8D}.Debug|Any CPU.Build.0 = Debug|Any CPU
		{9944A9BE-260C-471A-B3D3-F52412613F8D}.Release|Any CPU.ActiveCfg = Release|Any CPU
		{9944A9BE-260C-471A-B3D3-F52412613F8D}.Release|Any CPU.Build.0 = Release|Any CPU
	EndGlobalSection
	GlobalSection(SolutionProperties) = preSolution
		HideSolutionNode = FALSE
	EndGlobalSection
	GlobalSection(NestedProjects) = preSolution
		{7340579B-BCDC-4E87-967B-A2644EE592B0} = {E8BB26D2-CAD7-4FA1-AFAF-D957F95DF8BC}
		{8AC2054D-B1EB-4DAC-AB7C-A851ECA68295} = {7B6C98FA-9D84-4EED-A040-3C4515D2D483}
		{11D88B6F-561F-4EF7-BBC1-5D86E4D4C49F} = {4EC74B92-2806-4F43-9792-BE26E188CC9F}
		{2862D152-5893-4482-A834-3BC3CD3F7712} = {11D88B6F-561F-4EF7-BBC1-5D86E4D4C49F}
		{7B6C98FA-9D84-4EED-A040-3C4515D2D483} = {DF8BC645-AAE7-42D4-9DDC-D2AAA88FA85C}
		{1262FCA0-FA8E-4148-B4B0-CB548E802C23} = {233A1DE0-02B5-414D-97F0-4E918F60CAF6}
		{7294A082-360E-4E4B-9BA9-0F96C9B70133} = {AACBC568-AC51-4A10-BB1F-EB05C4509E23}
		{43C281E1-6BEC-4A4F-AE8E-7E0A1A5DF1DA} = {DF8BC645-AAE7-42D4-9DDC-D2AAA88FA85C}
		{9944A9BE-260C-471A-B3D3-F52412613F8D} = {43C281E1-6BEC-4A4F-AE8E-7E0A1A5DF1DA}
		{ECB36B97-05FB-4910-8287-1C8BC315F50C} = {BF1CF92A-631F-4EB1-9F57-234855C1DD77}
		{E8BB26D2-CAD7-4FA1-AFAF-D957F95DF8BC} = {BF1CF92A-631F-4EB1-9F57-234855C1DD77}
	EndGlobalSection
EndGlobal
